# This file is automatically @generated by Poetry 1.8.3 and should not be changed by hand.

[[package]]
name = "annotated-types"
version = "0.7.0"
description = "Reusable constraint types to use with typing.Annotated"
optional = false
python-versions = ">=3.8"
files = [
    {file = "annotated_types-0.7.0-py3-none-any.whl", hash = "sha256:1f02e8b43a8fbbc3f3e0d4f0f4bfc8131bcb4eebe8849b8e5c773f3a1c582a53"},
    {file = "annotated_types-0.7.0.tar.gz", hash = "sha256:aff07c09a53a08bc8cfccb9c85b05f1aa9a2a6f23728d790723543408344ce89"},
]

[[package]]
name = "anyio"
version = "4.8.0"
description = "High level compatibility layer for multiple asynchronous event loop implementations"
optional = false
python-versions = ">=3.9"
files = [
    {file = "anyio-4.8.0-py3-none-any.whl", hash = "sha256:b5011f270ab5eb0abf13385f851315585cc37ef330dd88e27ec3d34d651fd47a"},
    {file = "anyio-4.8.0.tar.gz", hash = "sha256:1d9fe889df5212298c0c0723fa20479d1b94883a2df44bd3897aa91083316f7a"},
]

[package.dependencies]
idna = ">=2.8"
sniffio = ">=1.1"
typing_extensions = {version = ">=4.5", markers = "python_version < \"3.13\""}

[package.extras]
doc = ["Sphinx (>=7.4,<8.0)", "packaging", "sphinx-autodoc-typehints (>=1.2.0)", "sphinx_rtd_theme"]
test = ["anyio[trio]", "coverage[toml] (>=7)", "exceptiongroup (>=1.2.0)", "hypothesis (>=4.0)", "psutil (>=5.9)", "pytest (>=7.0)", "trustme", "truststore (>=0.9.1)", "uvloop (>=0.21)"]
trio = ["trio (>=0.26.1)"]

[[package]]
name = "bracex"
version = "2.5.post1"
description = "Bash style brace expander."
optional = false
python-versions = ">=3.8"
files = [
    {file = "bracex-2.5.post1-py3-none-any.whl", hash = "sha256:13e5732fec27828d6af308628285ad358047cec36801598368cb28bc631dbaf6"},
    {file = "bracex-2.5.post1.tar.gz", hash = "sha256:12c50952415bfa773d2d9ccb8e79651b8cdb1f31a42f6091b804f6ba2b4a66b6"},
]

[[package]]
name = "bump-my-version"
version = "1.0.1"
description = "Version bump your Python project"
optional = false
python-versions = ">=3.8"
files = [
    {file = "bump_my_version-1.0.1-py3-none-any.whl", hash = "sha256:6f52157f5e4966e7a94f4fa9ff56429f7292d6b5743c616558eec25f7c3270a1"},
    {file = "bump_my_version-1.0.1.tar.gz", hash = "sha256:2bc399b2133a1bd27e0d180cd6a445b42cae25c2dde6698ca8d9971eeb258eaf"},
]

[package.dependencies]
click = "*"
httpx = ">=0.28.1"
pydantic = ">=2.0.0"
pydantic-settings = "*"
questionary = "*"
rich = "*"
rich-click = "*"
tomlkit = "*"
wcmatch = ">=8.5.1"

[[package]]
name = "certifi"
version = "2025.1.31"
description = "Python package for providing Mozilla's CA Bundle."
optional = false
python-versions = ">=3.6"
files = [
    {file = "certifi-2025.1.31-py3-none-any.whl", hash = "sha256:ca78db4565a652026a4db2bcdf68f2fb589ea80d0be70e03929ed730746b84fe"},
    {file = "certifi-2025.1.31.tar.gz", hash = "sha256:3d5da6925056f6f18f119200434a4780a94263f10d1c21d032a6f6b2baa20651"},
]

[[package]]
name = "click"
version = "8.1.8"
description = "Composable command line interface toolkit"
optional = false
python-versions = ">=3.7"
files = [
    {file = "click-8.1.8-py3-none-any.whl", hash = "sha256:63c132bbbed01578a06712a2d1f497bb62d9c1c0d329b7903a866228027263b2"},
    {file = "click-8.1.8.tar.gz", hash = "sha256:ed53c9d8990d83c2a27deae68e4ee337473f6330c040a31d4225c9574d16096a"},
]

[package.dependencies]
colorama = {version = "*", markers = "platform_system == \"Windows\""}

[[package]]
name = "colorama"
version = "0.4.6"
description = "Cross-platform colored terminal text."
optional = false
python-versions = "!=3.0.*,!=3.1.*,!=3.2.*,!=3.3.*,!=3.4.*,!=3.5.*,!=3.6.*,>=2.7"
files = [
    {file = "colorama-0.4.6-py2.py3-none-any.whl", hash = "sha256:4f1d9991f5acc0ca119f9d443620b77f9d6b33703e51011c16baf57afb285fc6"},
    {file = "colorama-0.4.6.tar.gz", hash = "sha256:08695f5cb7ed6e0531a20572697297273c47b8cae5a63ffc6d6ed5c201be6e44"},
]

[[package]]
name = "h11"
version = "0.14.0"
description = "A pure-Python, bring-your-own-I/O implementation of HTTP/1.1"
optional = false
python-versions = ">=3.7"
files = [
    {file = "h11-0.14.0-py3-none-any.whl", hash = "sha256:e3fe4ac4b851c468cc8363d500db52c2ead036020723024a109d37346efaa761"},
    {file = "h11-0.14.0.tar.gz", hash = "sha256:8f19fbbe99e72420ff35c00b27a34cb9937e902a8b810e2c88300c6f0a3b699d"},
]

[[package]]
name = "httpcore"
version = "1.0.7"
description = "A minimal low-level HTTP client."
optional = false
python-versions = ">=3.8"
files = [
    {file = "httpcore-1.0.7-py3-none-any.whl", hash = "sha256:a3fff8f43dc260d5bd363d9f9cf1830fa3a458b332856f34282de498ed420edd"},
    {file = "httpcore-1.0.7.tar.gz", hash = "sha256:8551cb62a169ec7162ac7be8d4817d561f60e08eaa485234898414bb5a8a0b4c"},
]

[package.dependencies]
certifi = "*"
h11 = ">=0.13,<0.15"

[package.extras]
asyncio = ["anyio (>=4.0,<5.0)"]
http2 = ["h2 (>=3,<5)"]
socks = ["socksio (==1.*)"]
trio = ["trio (>=0.22.0,<1.0)"]

[[package]]
name = "httpx"
version = "0.28.1"
description = "The next generation HTTP client."
optional = false
python-versions = ">=3.8"
files = [
    {file = "httpx-0.28.1-py3-none-any.whl", hash = "sha256:d909fcccc110f8c7faf814ca82a9a4d816bc5a6dbfea25d6591d6985b8ba59ad"},
    {file = "httpx-0.28.1.tar.gz", hash = "sha256:75e98c5f16b0f35b567856f597f06ff2270a374470a5c2392242528e3e3e42fc"},
]

[package.dependencies]
anyio = "*"
certifi = "*"
httpcore = "==1.*"
idna = "*"

[package.extras]
brotli = ["brotli", "brotlicffi"]
cli = ["click (==8.*)", "pygments (==2.*)", "rich (>=10,<14)"]
http2 = ["h2 (>=3,<5)"]
socks = ["socksio (==1.*)"]
zstd = ["zstandard (>=0.18.0)"]

[[package]]
name = "idna"
version = "3.10"
description = "Internationalized Domain Names in Applications (IDNA)"
optional = false
python-versions = ">=3.6"
files = [
    {file = "idna-3.10-py3-none-any.whl", hash = "sha256:946d195a0d259cbba61165e88e65941f16e9b36ea6ddb97f00452bae8b1287d3"},
    {file = "idna-3.10.tar.gz", hash = "sha256:12f65c9b470abda6dc35cf8e63cc574b1c52b11df2c86030af0ac09b01b13ea9"},
]

[package.extras]
all = ["flake8 (>=7.1.1)", "mypy (>=1.11.2)", "pytest (>=8.3.2)", "ruff (>=0.6.2)"]

[[package]]
name = "iniconfig"
version = "2.0.0"
description = "brain-dead simple config-ini parsing"
optional = false
python-versions = ">=3.7"
files = [
    {file = "iniconfig-2.0.0-py3-none-any.whl", hash = "sha256:b6a85871a79d2e3b22d2d1b94ac2824226a63c6b741c88f7ae975f18b6778374"},
    {file = "iniconfig-2.0.0.tar.gz", hash = "sha256:2d91e135bf72d31a410b17c16da610a82cb55f6b0477d1a902134b24a455b8b3"},
]

[[package]]
name = "markdown-it-py"
version = "3.0.0"
description = "Python port of markdown-it. Markdown parsing, done right!"
optional = false
python-versions = ">=3.8"
files = [
    {file = "markdown-it-py-3.0.0.tar.gz", hash = "sha256:e3f60a94fa066dc52ec76661e37c851cb232d92f9886b15cb560aaada2df8feb"},
    {file = "markdown_it_py-3.0.0-py3-none-any.whl", hash = "sha256:355216845c60bd96232cd8d8c40e8f9765cc86f46880e43a8fd22dc1a1a8cab1"},
]

[package.dependencies]
mdurl = ">=0.1,<1.0"

[package.extras]
benchmarking = ["psutil", "pytest", "pytest-benchmark"]
code-style = ["pre-commit (>=3.0,<4.0)"]
compare = ["commonmark (>=0.9,<1.0)", "markdown (>=3.4,<4.0)", "mistletoe (>=1.0,<2.0)", "mistune (>=2.0,<3.0)", "panflute (>=2.3,<3.0)"]
linkify = ["linkify-it-py (>=1,<3)"]
plugins = ["mdit-py-plugins"]
profiling = ["gprof2dot"]
rtd = ["jupyter_sphinx", "mdit-py-plugins", "myst-parser", "pyyaml", "sphinx", "sphinx-copybutton", "sphinx-design", "sphinx_book_theme"]
testing = ["coverage", "pytest", "pytest-cov", "pytest-regressions"]

[[package]]
name = "mdurl"
version = "0.1.2"
description = "Markdown URL utilities"
optional = false
python-versions = ">=3.7"
files = [
    {file = "mdurl-0.1.2-py3-none-any.whl", hash = "sha256:84008a41e51615a49fc9966191ff91509e3c40b939176e643fd50a5c2196b8f8"},
    {file = "mdurl-0.1.2.tar.gz", hash = "sha256:bb413d29f5eea38f31dd4754dd7377d4465116fb207585f97bf925588687c1ba"},
]

[[package]]
name = "packaging"
version = "24.2"
description = "Core utilities for Python packages"
optional = false
python-versions = ">=3.8"
files = [
    {file = "packaging-24.2-py3-none-any.whl", hash = "sha256:09abb1bccd265c01f4a3aa3f7a7db064b36514d2cba19a2f694fe6150451a759"},
    {file = "packaging-24.2.tar.gz", hash = "sha256:c228a6dc5e932d346bc5739379109d49e8853dd8223571c7c5b55260edc0b97f"},
]

[[package]]
name = "pluggy"
version = "1.5.0"
description = "plugin and hook calling mechanisms for python"
optional = false
python-versions = ">=3.8"
files = [
    {file = "pluggy-1.5.0-py3-none-any.whl", hash = "sha256:44e1ad92c8ca002de6377e165f3e0f1be63266ab4d554740532335b9d75ea669"},
    {file = "pluggy-1.5.0.tar.gz", hash = "sha256:2cffa88e94fdc978c4c574f15f9e59b7f4201d439195c3715ca9e2486f1d0cf1"},
]

[package.extras]
dev = ["pre-commit", "tox"]
testing = ["pytest", "pytest-benchmark"]

[[package]]
name = "prompt-toolkit"
version = "3.0.50"
description = "Library for building powerful interactive command lines in Python"
optional = false
python-versions = ">=3.8.0"
files = [
    {file = "prompt_toolkit-3.0.50-py3-none-any.whl", hash = "sha256:9b6427eb19e479d98acff65196a307c555eb567989e6d88ebbb1b509d9779198"},
    {file = "prompt_toolkit-3.0.50.tar.gz", hash = "sha256:544748f3860a2623ca5cd6d2795e7a14f3d0e1c3c9728359013f79877fc89bab"},
]

[package.dependencies]
wcwidth = "*"

[[package]]
name = "pydantic"
version = "2.10.6"
description = "Data validation using Python type hints"
optional = false
python-versions = ">=3.8"
files = [
    {file = "pydantic-2.10.6-py3-none-any.whl", hash = "sha256:427d664bf0b8a2b34ff5dd0f5a18df00591adcee7198fbd71981054cef37b584"},
    {file = "pydantic-2.10.6.tar.gz", hash = "sha256:ca5daa827cce33de7a42be142548b0096bf05a7e7b365aebfa5f8eeec7128236"},
]

[package.dependencies]
annotated-types = ">=0.6.0"
pydantic-core = "2.27.2"
typing-extensions = ">=4.12.2"

[package.extras]
email = ["email-validator (>=2.0.0)"]
timezone = ["tzdata"]

[[package]]
name = "pydantic-core"
version = "2.27.2"
description = "Core functionality for Pydantic validation and serialization"
optional = false
python-versions = ">=3.8"
files = [
    {file = "pydantic_core-2.27.2-cp310-cp310-macosx_10_12_x86_64.whl", hash = "sha256:2d367ca20b2f14095a8f4fa1210f5a7b78b8a20009ecced6b12818f455b1e9fa"},
    {file = "pydantic_core-2.27.2-cp310-cp310-macosx_11_0_arm64.whl", hash = "sha256:491a2b73db93fab69731eaee494f320faa4e093dbed776be1a829c2eb222c34c"},
    {file = "pydantic_core-2.27.2-cp310-cp310-manylinux_2_17_aarch64.manylinux2014_aarch64.whl", hash = "sha256:7969e133a6f183be60e9f6f56bfae753585680f3b7307a8e555a948d443cc05a"},
    {file = "pydantic_core-2.27.2-cp310-cp310-manylinux_2_17_armv7l.manylinux2014_armv7l.whl", hash = "sha256:3de9961f2a346257caf0aa508a4da705467f53778e9ef6fe744c038119737ef5"},
    {file = "pydantic_core-2.27.2-cp310-cp310-manylinux_2_17_ppc64le.manylinux2014_ppc64le.whl", hash = "sha256:e2bb4d3e5873c37bb3dd58714d4cd0b0e6238cebc4177ac8fe878f8b3aa8e74c"},
    {file = "pydantic_core-2.27.2-cp310-cp310-manylinux_2_17_s390x.manylinux2014_s390x.whl", hash = "sha256:280d219beebb0752699480fe8f1dc61ab6615c2046d76b7ab7ee38858de0a4e7"},
    {file = "pydantic_core-2.27.2-cp310-cp310-manylinux_2_17_x86_64.manylinux2014_x86_64.whl", hash = "sha256:47956ae78b6422cbd46f772f1746799cbb862de838fd8d1fbd34a82e05b0983a"},
    {file = "pydantic_core-2.27.2-cp310-cp310-manylinux_2_5_i686.manylinux1_i686.whl", hash = "sha256:14d4a5c49d2f009d62a2a7140d3064f686d17a5d1a268bc641954ba181880236"},
    {file = "pydantic_core-2.27.2-cp310-cp310-musllinux_1_1_aarch64.whl", hash = "sha256:337b443af21d488716f8d0b6164de833e788aa6bd7e3a39c005febc1284f4962"},
    {file = "pydantic_core-2.27.2-cp310-cp310-musllinux_1_1_armv7l.whl", hash = "sha256:03d0f86ea3184a12f41a2d23f7ccb79cdb5a18e06993f8a45baa8dfec746f0e9"},
    {file = "pydantic_core-2.27.2-cp310-cp310-musllinux_1_1_x86_64.whl", hash = "sha256:7041c36f5680c6e0f08d922aed302e98b3745d97fe1589db0a3eebf6624523af"},
    {file = "pydantic_core-2.27.2-cp310-cp310-win32.whl", hash = "sha256:50a68f3e3819077be2c98110c1f9dcb3817e93f267ba80a2c05bb4f8799e2ff4"},
    {file = "pydantic_core-2.27.2-cp310-cp310-win_amd64.whl", hash = "sha256:e0fd26b16394ead34a424eecf8a31a1f5137094cabe84a1bcb10fa6ba39d3d31"},
    {file = "pydantic_core-2.27.2-cp311-cp311-macosx_10_12_x86_64.whl", hash = "sha256:8e10c99ef58cfdf2a66fc15d66b16c4a04f62bca39db589ae8cba08bc55331bc"},
    {file = "pydantic_core-2.27.2-cp311-cp311-macosx_11_0_arm64.whl", hash = "sha256:26f32e0adf166a84d0cb63be85c562ca8a6fa8de28e5f0d92250c6b7e9e2aff7"},
    {file = "pydantic_core-2.27.2-cp311-cp311-manylinux_2_17_aarch64.manylinux2014_aarch64.whl", hash = "sha256:8c19d1ea0673cd13cc2f872f6c9ab42acc4e4f492a7ca9d3795ce2b112dd7e15"},
    {file = "pydantic_core-2.27.2-cp311-cp311-manylinux_2_17_armv7l.manylinux2014_armv7l.whl", hash = "sha256:5e68c4446fe0810e959cdff46ab0a41ce2f2c86d227d96dc3847af0ba7def306"},
    {file = "pydantic_core-2.27.2-cp311-cp311-manylinux_2_17_ppc64le.manylinux2014_ppc64le.whl", hash = "sha256:d9640b0059ff4f14d1f37321b94061c6db164fbe49b334b31643e0528d100d99"},
    {file = "pydantic_core-2.27.2-cp311-cp311-manylinux_2_17_s390x.manylinux2014_s390x.whl", hash = "sha256:40d02e7d45c9f8af700f3452f329ead92da4c5f4317ca9b896de7ce7199ea459"},
    {file = "pydantic_core-2.27.2-cp311-cp311-manylinux_2_17_x86_64.manylinux2014_x86_64.whl", hash = "sha256:1c1fd185014191700554795c99b347d64f2bb637966c4cfc16998a0ca700d048"},
    {file = "pydantic_core-2.27.2-cp311-cp311-manylinux_2_5_i686.manylinux1_i686.whl", hash = "sha256:d81d2068e1c1228a565af076598f9e7451712700b673de8f502f0334f281387d"},
    {file = "pydantic_core-2.27.2-cp311-cp311-musllinux_1_1_aarch64.whl", hash = "sha256:1a4207639fb02ec2dbb76227d7c751a20b1a6b4bc52850568e52260cae64ca3b"},
    {file = "pydantic_core-2.27.2-cp311-cp311-musllinux_1_1_armv7l.whl", hash = "sha256:3de3ce3c9ddc8bbd88f6e0e304dea0e66d843ec9de1b0042b0911c1663ffd474"},
    {file = "pydantic_core-2.27.2-cp311-cp311-musllinux_1_1_x86_64.whl", hash = "sha256:30c5f68ded0c36466acede341551106821043e9afaad516adfb6e8fa80a4e6a6"},
    {file = "pydantic_core-2.27.2-cp311-cp311-win32.whl", hash = "sha256:c70c26d2c99f78b125a3459f8afe1aed4d9687c24fd677c6a4436bc042e50d6c"},
    {file = "pydantic_core-2.27.2-cp311-cp311-win_amd64.whl", hash = "sha256:08e125dbdc505fa69ca7d9c499639ab6407cfa909214d500897d02afb816e7cc"},
    {file = "pydantic_core-2.27.2-cp311-cp311-win_arm64.whl", hash = "sha256:26f0d68d4b235a2bae0c3fc585c585b4ecc51382db0e3ba402a22cbc440915e4"},
    {file = "pydantic_core-2.27.2-cp312-cp312-macosx_10_12_x86_64.whl", hash = "sha256:9e0c8cfefa0ef83b4da9588448b6d8d2a2bf1a53c3f1ae5fca39eb3061e2f0b0"},
    {file = "pydantic_core-2.27.2-cp312-cp312-macosx_11_0_arm64.whl", hash = "sha256:83097677b8e3bd7eaa6775720ec8e0405f1575015a463285a92bfdfe254529ef"},
    {file = "pydantic_core-2.27.2-cp312-cp312-manylinux_2_17_aarch64.manylinux2014_aarch64.whl", hash = "sha256:172fce187655fece0c90d90a678424b013f8fbb0ca8b036ac266749c09438cb7"},
    {file = "pydantic_core-2.27.2-cp312-cp312-manylinux_2_17_armv7l.manylinux2014_armv7l.whl", hash = "sha256:519f29f5213271eeeeb3093f662ba2fd512b91c5f188f3bb7b27bc5973816934"},
    {file = "pydantic_core-2.27.2-cp312-cp312-manylinux_2_17_ppc64le.manylinux2014_ppc64le.whl", hash = "sha256:05e3a55d124407fffba0dd6b0c0cd056d10e983ceb4e5dbd10dda135c31071d6"},
    {file = "pydantic_core-2.27.2-cp312-cp312-manylinux_2_17_s390x.manylinux2014_s390x.whl", hash = "sha256:9c3ed807c7b91de05e63930188f19e921d1fe90de6b4f5cd43ee7fcc3525cb8c"},
    {file = "pydantic_core-2.27.2-cp312-cp312-manylinux_2_17_x86_64.manylinux2014_x86_64.whl", hash = "sha256:6fb4aadc0b9a0c063206846d603b92030eb6f03069151a625667f982887153e2"},
    {file = "pydantic_core-2.27.2-cp312-cp312-manylinux_2_5_i686.manylinux1_i686.whl", hash = "sha256:28ccb213807e037460326424ceb8b5245acb88f32f3d2777427476e1b32c48c4"},
    {file = "pydantic_core-2.27.2-cp312-cp312-musllinux_1_1_aarch64.whl", hash = "sha256:de3cd1899e2c279b140adde9357c4495ed9d47131b4a4eaff9052f23398076b3"},
    {file = "pydantic_core-2.27.2-cp312-cp312-musllinux_1_1_armv7l.whl", hash = "sha256:220f892729375e2d736b97d0e51466252ad84c51857d4d15f5e9692f9ef12be4"},
    {file = "pydantic_core-2.27.2-cp312-cp312-musllinux_1_1_x86_64.whl", hash = "sha256:a0fcd29cd6b4e74fe8ddd2c90330fd8edf2e30cb52acda47f06dd615ae72da57"},
    {file = "pydantic_core-2.27.2-cp312-cp312-win32.whl", hash = "sha256:1e2cb691ed9834cd6a8be61228471d0a503731abfb42f82458ff27be7b2186fc"},
    {file = "pydantic_core-2.27.2-cp312-cp312-win_amd64.whl", hash = "sha256:cc3f1a99a4f4f9dd1de4fe0312c114e740b5ddead65bb4102884b384c15d8bc9"},
    {file = "pydantic_core-2.27.2-cp312-cp312-win_arm64.whl", hash = "sha256:3911ac9284cd8a1792d3cb26a2da18f3ca26c6908cc434a18f730dc0db7bfa3b"},
    {file = "pydantic_core-2.27.2-cp313-cp313-macosx_10_12_x86_64.whl", hash = "sha256:7d14bd329640e63852364c306f4d23eb744e0f8193148d4044dd3dacdaacbd8b"},
    {file = "pydantic_core-2.27.2-cp313-cp313-macosx_11_0_arm64.whl", hash = "sha256:82f91663004eb8ed30ff478d77c4d1179b3563df6cdb15c0817cd1cdaf34d154"},
    {file = "pydantic_core-2.27.2-cp313-cp313-manylinux_2_17_aarch64.manylinux2014_aarch64.whl", hash = "sha256:71b24c7d61131bb83df10cc7e687433609963a944ccf45190cfc21e0887b08c9"},
    {file = "pydantic_core-2.27.2-cp313-cp313-manylinux_2_17_armv7l.manylinux2014_armv7l.whl", hash = "sha256:fa8e459d4954f608fa26116118bb67f56b93b209c39b008277ace29937453dc9"},
    {file = "pydantic_core-2.27.2-cp313-cp313-manylinux_2_17_ppc64le.manylinux2014_ppc64le.whl", hash = "sha256:ce8918cbebc8da707ba805b7fd0b382816858728ae7fe19a942080c24e5b7cd1"},
    {file = "pydantic_core-2.27.2-cp313-cp313-manylinux_2_17_s390x.manylinux2014_s390x.whl", hash = "sha256:eda3f5c2a021bbc5d976107bb302e0131351c2ba54343f8a496dc8783d3d3a6a"},
    {file = "pydantic_core-2.27.2-cp313-cp313-manylinux_2_17_x86_64.manylinux2014_x86_64.whl", hash = "sha256:bd8086fa684c4775c27f03f062cbb9eaa6e17f064307e86b21b9e0abc9c0f02e"},
    {file = "pydantic_core-2.27.2-cp313-cp313-manylinux_2_5_i686.manylinux1_i686.whl", hash = "sha256:8d9b3388db186ba0c099a6d20f0604a44eabdeef1777ddd94786cdae158729e4"},
    {file = "pydantic_core-2.27.2-cp313-cp313-musllinux_1_1_aarch64.whl", hash = "sha256:7a66efda2387de898c8f38c0cf7f14fca0b51a8ef0b24bfea5849f1b3c95af27"},
    {file = "pydantic_core-2.27.2-cp313-cp313-musllinux_1_1_armv7l.whl", hash = "sha256:18a101c168e4e092ab40dbc2503bdc0f62010e95d292b27827871dc85450d7ee"},
    {file = "pydantic_core-2.27.2-cp313-cp313-musllinux_1_1_x86_64.whl", hash = "sha256:ba5dd002f88b78a4215ed2f8ddbdf85e8513382820ba15ad5ad8955ce0ca19a1"},
    {file = "pydantic_core-2.27.2-cp313-cp313-win32.whl", hash = "sha256:1ebaf1d0481914d004a573394f4be3a7616334be70261007e47c2a6fe7e50130"},
    {file = "pydantic_core-2.27.2-cp313-cp313-win_amd64.whl", hash = "sha256:953101387ecf2f5652883208769a79e48db18c6df442568a0b5ccd8c2723abee"},
    {file = "pydantic_core-2.27.2-cp313-cp313-win_arm64.whl", hash = "sha256:ac4dbfd1691affb8f48c2c13241a2e3b60ff23247cbcf981759c768b6633cf8b"},
    {file = "pydantic_core-2.27.2-cp38-cp38-macosx_10_12_x86_64.whl", hash = "sha256:d3e8d504bdd3f10835468f29008d72fc8359d95c9c415ce6e767203db6127506"},
    {file = "pydantic_core-2.27.2-cp38-cp38-macosx_11_0_arm64.whl", hash = "sha256:521eb9b7f036c9b6187f0b47318ab0d7ca14bd87f776240b90b21c1f4f149320"},
    {file = "pydantic_core-2.27.2-cp38-cp38-manylinux_2_17_aarch64.manylinux2014_aarch64.whl", hash = "sha256:85210c4d99a0114f5a9481b44560d7d1e35e32cc5634c656bc48e590b669b145"},
    {file = "pydantic_core-2.27.2-cp38-cp38-manylinux_2_17_armv7l.manylinux2014_armv7l.whl", hash = "sha256:d716e2e30c6f140d7560ef1538953a5cd1a87264c737643d481f2779fc247fe1"},
    {file = "pydantic_core-2.27.2-cp38-cp38-manylinux_2_17_ppc64le.manylinux2014_ppc64le.whl", hash = "sha256:f66d89ba397d92f840f8654756196d93804278457b5fbede59598a1f9f90b228"},
    {file = "pydantic_core-2.27.2-cp38-cp38-manylinux_2_17_s390x.manylinux2014_s390x.whl", hash = "sha256:669e193c1c576a58f132e3158f9dfa9662969edb1a250c54d8fa52590045f046"},
    {file = "pydantic_core-2.27.2-cp38-cp38-manylinux_2_17_x86_64.manylinux2014_x86_64.whl", hash = "sha256:9fdbe7629b996647b99c01b37f11170a57ae675375b14b8c13b8518b8320ced5"},
    {file = "pydantic_core-2.27.2-cp38-cp38-manylinux_2_5_i686.manylinux1_i686.whl", hash = "sha256:d262606bf386a5ba0b0af3b97f37c83d7011439e3dc1a9298f21efb292e42f1a"},
    {file = "pydantic_core-2.27.2-cp38-cp38-musllinux_1_1_aarch64.whl", hash = "sha256:cabb9bcb7e0d97f74df8646f34fc76fbf793b7f6dc2438517d7a9e50eee4f14d"},
    {file = "pydantic_core-2.27.2-cp38-cp38-musllinux_1_1_armv7l.whl", hash = "sha256:d2d63f1215638d28221f664596b1ccb3944f6e25dd18cd3b86b0a4c408d5ebb9"},
    {file = "pydantic_core-2.27.2-cp38-cp38-musllinux_1_1_x86_64.whl", hash = "sha256:bca101c00bff0adb45a833f8451b9105d9df18accb8743b08107d7ada14bd7da"},
    {file = "pydantic_core-2.27.2-cp38-cp38-win32.whl", hash = "sha256:f6f8e111843bbb0dee4cb6594cdc73e79b3329b526037ec242a3e49012495b3b"},
    {file = "pydantic_core-2.27.2-cp38-cp38-win_amd64.whl", hash = "sha256:fd1aea04935a508f62e0d0ef1f5ae968774a32afc306fb8545e06f5ff5cdf3ad"},
    {file = "pydantic_core-2.27.2-cp39-cp39-macosx_10_12_x86_64.whl", hash = "sha256:c10eb4f1659290b523af58fa7cffb452a61ad6ae5613404519aee4bfbf1df993"},
    {file = "pydantic_core-2.27.2-cp39-cp39-macosx_11_0_arm64.whl", hash = "sha256:ef592d4bad47296fb11f96cd7dc898b92e795032b4894dfb4076cfccd43a9308"},
    {file = "pydantic_core-2.27.2-cp39-cp39-manylinux_2_17_aarch64.manylinux2014_aarch64.whl", hash = "sha256:c61709a844acc6bf0b7dce7daae75195a10aac96a596ea1b776996414791ede4"},
    {file = "pydantic_core-2.27.2-cp39-cp39-manylinux_2_17_armv7l.manylinux2014_armv7l.whl", hash = "sha256:42c5f762659e47fdb7b16956c71598292f60a03aa92f8b6351504359dbdba6cf"},
    {file = "pydantic_core-2.27.2-cp39-cp39-manylinux_2_17_ppc64le.manylinux2014_ppc64le.whl", hash = "sha256:4c9775e339e42e79ec99c441d9730fccf07414af63eac2f0e48e08fd38a64d76"},
    {file = "pydantic_core-2.27.2-cp39-cp39-manylinux_2_17_s390x.manylinux2014_s390x.whl", hash = "sha256:57762139821c31847cfb2df63c12f725788bd9f04bc2fb392790959b8f70f118"},
    {file = "pydantic_core-2.27.2-cp39-cp39-manylinux_2_17_x86_64.manylinux2014_x86_64.whl", hash = "sha256:0d1e85068e818c73e048fe28cfc769040bb1f475524f4745a5dc621f75ac7630"},
    {file = "pydantic_core-2.27.2-cp39-cp39-manylinux_2_5_i686.manylinux1_i686.whl", hash = "sha256:097830ed52fd9e427942ff3b9bc17fab52913b2f50f2880dc4a5611446606a54"},
    {file = "pydantic_core-2.27.2-cp39-cp39-musllinux_1_1_aarch64.whl", hash = "sha256:044a50963a614ecfae59bb1eaf7ea7efc4bc62f49ed594e18fa1e5d953c40e9f"},
    {file = "pydantic_core-2.27.2-cp39-cp39-musllinux_1_1_armv7l.whl", hash = "sha256:4e0b4220ba5b40d727c7f879eac379b822eee5d8fff418e9d3381ee45b3b0362"},
    {file = "pydantic_core-2.27.2-cp39-cp39-musllinux_1_1_x86_64.whl", hash = "sha256:5e4f4bb20d75e9325cc9696c6802657b58bc1dbbe3022f32cc2b2b632c3fbb96"},
    {file = "pydantic_core-2.27.2-cp39-cp39-win32.whl", hash = "sha256:cca63613e90d001b9f2f9a9ceb276c308bfa2a43fafb75c8031c4f66039e8c6e"},
    {file = "pydantic_core-2.27.2-cp39-cp39-win_amd64.whl", hash = "sha256:77d1bca19b0f7021b3a982e6f903dcd5b2b06076def36a652e3907f596e29f67"},
    {file = "pydantic_core-2.27.2-pp310-pypy310_pp73-macosx_10_12_x86_64.whl", hash = "sha256:2bf14caea37e91198329b828eae1618c068dfb8ef17bb33287a7ad4b61ac314e"},
    {file = "pydantic_core-2.27.2-pp310-pypy310_pp73-macosx_11_0_arm64.whl", hash = "sha256:b0cb791f5b45307caae8810c2023a184c74605ec3bcbb67d13846c28ff731ff8"},
    {file = "pydantic_core-2.27.2-pp310-pypy310_pp73-manylinux_2_17_aarch64.manylinux2014_aarch64.whl", hash = "sha256:688d3fd9fcb71f41c4c015c023d12a79d1c4c0732ec9eb35d96e3388a120dcf3"},
    {file = "pydantic_core-2.27.2-pp310-pypy310_pp73-manylinux_2_17_x86_64.manylinux2014_x86_64.whl", hash = "sha256:3d591580c34f4d731592f0e9fe40f9cc1b430d297eecc70b962e93c5c668f15f"},
    {file = "pydantic_core-2.27.2-pp310-pypy310_pp73-manylinux_2_5_i686.manylinux1_i686.whl", hash = "sha256:82f986faf4e644ffc189a7f1aafc86e46ef70372bb153e7001e8afccc6e54133"},
    {file = "pydantic_core-2.27.2-pp310-pypy310_pp73-musllinux_1_1_aarch64.whl", hash = "sha256:bec317a27290e2537f922639cafd54990551725fc844249e64c523301d0822fc"},
    {file = "pydantic_core-2.27.2-pp310-pypy310_pp73-musllinux_1_1_armv7l.whl", hash = "sha256:0296abcb83a797db256b773f45773da397da75a08f5fcaef41f2044adec05f50"},
    {file = "pydantic_core-2.27.2-pp310-pypy310_pp73-musllinux_1_1_x86_64.whl", hash = "sha256:0d75070718e369e452075a6017fbf187f788e17ed67a3abd47fa934d001863d9"},
    {file = "pydantic_core-2.27.2-pp310-pypy310_pp73-win_amd64.whl", hash = "sha256:7e17b560be3c98a8e3aa66ce828bdebb9e9ac6ad5466fba92eb74c4c95cb1151"},
    {file = "pydantic_core-2.27.2-pp39-pypy39_pp73-macosx_10_12_x86_64.whl", hash = "sha256:c33939a82924da9ed65dab5a65d427205a73181d8098e79b6b426bdf8ad4e656"},
    {file = "pydantic_core-2.27.2-pp39-pypy39_pp73-macosx_11_0_arm64.whl", hash = "sha256:00bad2484fa6bda1e216e7345a798bd37c68fb2d97558edd584942aa41b7d278"},
    {file = "pydantic_core-2.27.2-pp39-pypy39_pp73-manylinux_2_17_aarch64.manylinux2014_aarch64.whl", hash = "sha256:c817e2b40aba42bac6f457498dacabc568c3b7a986fc9ba7c8d9d260b71485fb"},
    {file = "pydantic_core-2.27.2-pp39-pypy39_pp73-manylinux_2_17_x86_64.manylinux2014_x86_64.whl", hash = "sha256:251136cdad0cb722e93732cb45ca5299fb56e1344a833640bf93b2803f8d1bfd"},
    {file = "pydantic_core-2.27.2-pp39-pypy39_pp73-manylinux_2_5_i686.manylinux1_i686.whl", hash = "sha256:d2088237af596f0a524d3afc39ab3b036e8adb054ee57cbb1dcf8e09da5b29cc"},
    {file = "pydantic_core-2.27.2-pp39-pypy39_pp73-musllinux_1_1_aarch64.whl", hash = "sha256:d4041c0b966a84b4ae7a09832eb691a35aec90910cd2dbe7a208de59be77965b"},
    {file = "pydantic_core-2.27.2-pp39-pypy39_pp73-musllinux_1_1_armv7l.whl", hash = "sha256:8083d4e875ebe0b864ffef72a4304827015cff328a1be6e22cc850753bfb122b"},
    {file = "pydantic_core-2.27.2-pp39-pypy39_pp73-musllinux_1_1_x86_64.whl", hash = "sha256:f141ee28a0ad2123b6611b6ceff018039df17f32ada8b534e6aa039545a3efb2"},
    {file = "pydantic_core-2.27.2-pp39-pypy39_pp73-win_amd64.whl", hash = "sha256:7d0c8399fcc1848491f00e0314bd59fb34a9c008761bcb422a057670c3f65e35"},
    {file = "pydantic_core-2.27.2.tar.gz", hash = "sha256:eb026e5a4c1fee05726072337ff51d1efb6f59090b7da90d30ea58625b1ffb39"},
]

[package.dependencies]
typing-extensions = ">=4.6.0,<4.7.0 || >4.7.0"

[[package]]
name = "pydantic-settings"
version = "2.8.1"
description = "Settings management using Pydantic"
optional = false
python-versions = ">=3.8"
files = [
    {file = "pydantic_settings-2.8.1-py3-none-any.whl", hash = "sha256:81942d5ac3d905f7f3ee1a70df5dfb62d5569c12f51a5a647defc1c3d9ee2e9c"},
    {file = "pydantic_settings-2.8.1.tar.gz", hash = "sha256:d5c663dfbe9db9d5e1c646b2e161da12f0d734d422ee56f567d0ea2cee4e8585"},
]

[package.dependencies]
pydantic = ">=2.7.0"
python-dotenv = ">=0.21.0"

[package.extras]
azure-key-vault = ["azure-identity (>=1.16.0)", "azure-keyvault-secrets (>=4.8.0)"]
toml = ["tomli (>=2.0.1)"]
yaml = ["pyyaml (>=6.0.1)"]

[[package]]
name = "pygfc"
version = "1.1.0"
description = "Implementation of a Generalized-Feistel Cipher for generating random permutations."
optional = false
python-versions = ">=3.6"
files = [
    {file = "pygfc-1.1.0-cp310-cp310-macosx_10_9_x86_64.whl", hash = "sha256:ab5607e38fafee3de6b43380bedbef395fe133b80b25ae6ea2f8ae6b01399a14"},
    {file = "pygfc-1.1.0-cp310-cp310-macosx_11_0_arm64.whl", hash = "sha256:e23f70e2f6bdc0314090ed8467f076f24565a7af76ffff04dff10266517def56"},
    {file = "pygfc-1.1.0-cp310-cp310-manylinux_2_5_i686.manylinux1_i686.manylinux_2_17_i686.manylinux2014_i686.whl", hash = "sha256:32499fd5798badc59bea1bab8499b7aeb08ea262f2b8d4e536a69437d06a69e1"},
    {file = "pygfc-1.1.0-cp310-cp310-manylinux_2_5_x86_64.manylinux1_x86_64.manylinux_2_17_x86_64.manylinux2014_x86_64.whl", hash = "sha256:e7994707946960ecebf7c8306885b9592b347186f1887e0e7ac344ed5b513d9e"},
    {file = "pygfc-1.1.0-cp310-cp310-musllinux_1_2_i686.whl", hash = "sha256:14fdeb1c53fd185d702cb67d7c3ac7d58d669d5e4201a1c12ee9ccccc6b17267"},
    {file = "pygfc-1.1.0-cp310-cp310-musllinux_1_2_x86_64.whl", hash = "sha256:c9403d7d2891a2fc7e8108c9468bedea30baccd4c54665333dddb3ab9e8e2ca3"},
    {file = "pygfc-1.1.0-cp310-cp310-win32.whl", hash = "sha256:95b8028bd4c69c532926b51d006bb99fa33f45b47d29c5c516a19cac3bb66da5"},
    {file = "pygfc-1.1.0-cp310-cp310-win_amd64.whl", hash = "sha256:ba78edc8b1907e58c6d35fe41436f8a392d694956789b005a403a380c5a2c3da"},
    {file = "pygfc-1.1.0-cp311-cp311-macosx_10_9_x86_64.whl", hash = "sha256:3f916b5a53005d99197344ec560db777d71f84030ec5fa630410778aa945bdf2"},
    {file = "pygfc-1.1.0-cp311-cp311-macosx_11_0_arm64.whl", hash = "sha256:8d8036133c556b2a63a1dd2693fafad6c9344e9bdd5031f650669845e1cde77f"},
    {file = "pygfc-1.1.0-cp311-cp311-manylinux_2_5_i686.manylinux1_i686.manylinux_2_17_i686.manylinux2014_i686.whl", hash = "sha256:eaf0b7511cfb367d5a2262f16480fb8e95167ecab02910bbc358d85de625de30"},
    {file = "pygfc-1.1.0-cp311-cp311-manylinux_2_5_x86_64.manylinux1_x86_64.manylinux_2_17_x86_64.manylinux2014_x86_64.whl", hash = "sha256:3ec8ca1ef74354a7fd161c6ea493302bd1b8e6cf610f51a83d156ba97bc2b27e"},
    {file = "pygfc-1.1.0-cp311-cp311-musllinux_1_2_i686.whl", hash = "sha256:5bebb9c470f114a4274454205a501f3465177af3e0aceeead0d9e93a9a6e0142"},
    {file = "pygfc-1.1.0-cp311-cp311-musllinux_1_2_x86_64.whl", hash = "sha256:18c48491cfd36e51ac0cd9cb3a60b6861000f5845c4f014bcbaee4052d925626"},
    {file = "pygfc-1.1.0-cp311-cp311-win32.whl", hash = "sha256:4badc7ecefeba8a9f58e68f5f10fedfa47edcb76844e2e439b42c4031b3767f9"},
    {file = "pygfc-1.1.0-cp311-cp311-win_amd64.whl", hash = "sha256:2876aea3eed74dca15c354652410ed1841c1fec01c4124c72a1cbe12bf52f148"},
    {file = "pygfc-1.1.0-cp312-cp312-macosx_10_13_x86_64.whl", hash = "sha256:94163d56376189aca5157230076a273916f928e3f9f43f2f042a5429f0dc1d74"},
    {file = "pygfc-1.1.0-cp312-cp312-macosx_11_0_arm64.whl", hash = "sha256:1473385670e7cd1d554e6a8fa8261a0feb062aadc04706f5fa714ac7fee5ef42"},
    {file = "pygfc-1.1.0-cp312-cp312-manylinux_2_5_i686.manylinux1_i686.manylinux_2_17_i686.manylinux2014_i686.whl", hash = "sha256:1174f016fee429e41fcf80aceb2645a4eac6a4aec0ba895c17b42ffc55b27e53"},
    {file = "pygfc-1.1.0-cp312-cp312-manylinux_2_5_x86_64.manylinux1_x86_64.manylinux_2_17_x86_64.manylinux2014_x86_64.whl", hash = "sha256:2674990ce017d14d1307158e67f18b713a2ef61edda8bda7d105780a19605f75"},
    {file = "pygfc-1.1.0-cp312-cp312-musllinux_1_2_i686.whl", hash = "sha256:492d5bbcd6f2b4d82862c9cab6fb77ee7ca6f5bd0e1f718f7922f8211a6880bc"},
    {file = "pygfc-1.1.0-cp312-cp312-musllinux_1_2_x86_64.whl", hash = "sha256:d7a3f8052de89a55de9911bee0ad589ff7176a79071b251ddc0687eeaae6b2f3"},
    {file = "pygfc-1.1.0-cp312-cp312-win32.whl", hash = "sha256:e47b40be3b5442873af409ea716f40876130dd0b1250ce6fb2134bc3eda6c490"},
    {file = "pygfc-1.1.0-cp312-cp312-win_amd64.whl", hash = "sha256:3c08036158423b37ee0d83bbbf550ee7c118acae9a06debbc5b3dcf312c95608"},
    {file = "pygfc-1.1.0-cp313-cp313-macosx_10_13_x86_64.whl", hash = "sha256:44833f54e83a53cb2a34db86883ab341bb66732e8545a3ab8681d4b051e27338"},
    {file = "pygfc-1.1.0-cp313-cp313-macosx_11_0_arm64.whl", hash = "sha256:4e89521457b481ef2fa1ccf6df3fe8cf21378d188b75d5bb4185f1d7ca6e03b7"},
    {file = "pygfc-1.1.0-cp313-cp313-manylinux_2_5_i686.manylinux1_i686.manylinux_2_17_i686.manylinux2014_i686.whl", hash = "sha256:2992528c32bc9fe0a6658a4631daa647f53fae45181f948e66bbd6d5f006df59"},
    {file = "pygfc-1.1.0-cp313-cp313-manylinux_2_5_x86_64.manylinux1_x86_64.manylinux_2_17_x86_64.manylinux2014_x86_64.whl", hash = "sha256:d28df6c7955a122c5586540b61b4d355f1f4fe90814021a9bb7a78d749e5cd55"},
    {file = "pygfc-1.1.0-cp313-cp313-musllinux_1_2_i686.whl", hash = "sha256:6255af20f1cc727e3cdb821f2d8c748f6f62a7bc7d4130ad20042d553efa79b2"},
    {file = "pygfc-1.1.0-cp313-cp313-musllinux_1_2_x86_64.whl", hash = "sha256:6140627d70a4d6701444c0d9431396e43441abdc2c5cc97848e2b4d15329a7cf"},
    {file = "pygfc-1.1.0-cp313-cp313-win32.whl", hash = "sha256:881d60fc0c05bbf37f4392b1dd16f78bd7a0a65d2704a50e751c28e9f63b1057"},
    {file = "pygfc-1.1.0-cp313-cp313-win_amd64.whl", hash = "sha256:c6cde4fe97d24ee539304b5a27ce08e9ac619a2abec911507c0ce4df55259df6"},
    {file = "pygfc-1.1.0-cp36-cp36m-macosx_10_9_x86_64.whl", hash = "sha256:3de3dec6e6f9cfc6864571b09b21ad5643e51311ed9d160f867a528a55f202f9"},
    {file = "pygfc-1.1.0-cp36-cp36m-manylinux_2_5_i686.manylinux1_i686.manylinux_2_17_i686.manylinux2014_i686.whl", hash = "sha256:b40c6c23cf087099789a7a61fcfca2c5772b1719920a5530b8cc9cd95ba69340"},
    {file = "pygfc-1.1.0-cp36-cp36m-manylinux_2_5_x86_64.manylinux1_x86_64.manylinux_2_17_x86_64.manylinux2014_x86_64.whl", hash = "sha256:9b3b007b5693da3386320a39918e6d0d423957036dd150e3ff3c323e7da500f2"},
    {file = "pygfc-1.1.0-cp36-cp36m-musllinux_1_2_i686.whl", hash = "sha256:d4bbe68f23c4e567e0a3b8e978b3340cf8a22480aaf7e08cd98d1b556dc250a6"},
    {file = "pygfc-1.1.0-cp36-cp36m-musllinux_1_2_x86_64.whl", hash = "sha256:528d13decd452ff46b293d44bb9f442ec468ac805f98647fdcf3ae922bd55f9f"},
    {file = "pygfc-1.1.0-cp36-cp36m-win32.whl", hash = "sha256:06cf91f7b031f6f7fe1e732787238dfa68ec58f13bc14907fc56f57065de33d3"},
    {file = "pygfc-1.1.0-cp36-cp36m-win_amd64.whl", hash = "sha256:c205b405138dd5c8a2e88a36d73c4a6ec911d778cedc6c2f0f83b03b01832ee8"},
    {file = "pygfc-1.1.0-cp37-cp37m-macosx_10_9_x86_64.whl", hash = "sha256:31b78aed33445467e985f4665d460afc01a7445b4de31dc10edfa65a646a49ae"},
    {file = "pygfc-1.1.0-cp37-cp37m-manylinux_2_5_i686.manylinux1_i686.manylinux_2_17_i686.manylinux2014_i686.whl", hash = "sha256:0a6e0128fe22faaf38a1d313379fc331d597e7fbc02cb1e41f44002b46f61b83"},
    {file = "pygfc-1.1.0-cp37-cp37m-manylinux_2_5_x86_64.manylinux1_x86_64.manylinux_2_17_x86_64.manylinux2014_x86_64.whl", hash = "sha256:eddf84856f9a7ef2d12a7413110499237de9911dc9102ee078612d012663937d"},
    {file = "pygfc-1.1.0-cp37-cp37m-musllinux_1_2_i686.whl", hash = "sha256:9c2150db9ca35451d09613d891c9e5750d549ddf2055688bc78e8ac95ef66b3e"},
    {file = "pygfc-1.1.0-cp37-cp37m-musllinux_1_2_x86_64.whl", hash = "sha256:442c70d26d2c0a157ef7058f8b73eacbcc10dd8a34ecea4290e4677cffa7336a"},
    {file = "pygfc-1.1.0-cp37-cp37m-win32.whl", hash = "sha256:1650f1fe3f968fca86e3937c4105d38f16938b2f14a7133c1559f5654cba3698"},
    {file = "pygfc-1.1.0-cp37-cp37m-win_amd64.whl", hash = "sha256:8e3ef1115e760cdc53e8bda61d93fcd58c800541e2fcf8ef523bb4755e36be0e"},
    {file = "pygfc-1.1.0-cp38-cp38-macosx_10_9_x86_64.whl", hash = "sha256:c3a990e5d6fc9b29232fce9bffbe8833fe7afd1bd270a39a35a8118c90ce744c"},
    {file = "pygfc-1.1.0-cp38-cp38-macosx_11_0_arm64.whl", hash = "sha256:ec3677541f1c1aa31da1067437f3e1cb917fe2f1f3249482ef17d6ac396ea789"},
    {file = "pygfc-1.1.0-cp38-cp38-manylinux_2_5_i686.manylinux1_i686.manylinux_2_17_i686.manylinux2014_i686.whl", hash = "sha256:01d33308ec98389a12863cf768bcafc1a75bc2a594cc15951e73e732a2664e6a"},
    {file = "pygfc-1.1.0-cp38-cp38-manylinux_2_5_x86_64.manylinux1_x86_64.manylinux_2_17_x86_64.manylinux2014_x86_64.whl", hash = "sha256:2683d0b02dd80dbc3be31ae35667e4f6a8209a75b211ca05cbc93a308a1cb855"},
    {file = "pygfc-1.1.0-cp38-cp38-musllinux_1_2_i686.whl", hash = "sha256:03c04c5a81af74c08180fce90d59a79b96a56a327171ff0c709c1bec971d4efb"},
    {file = "pygfc-1.1.0-cp38-cp38-musllinux_1_2_x86_64.whl", hash = "sha256:4d42dc88198f7c7a10d94d9c56d86d6add2c03dde49a52746625ffc5073242ee"},
    {file = "pygfc-1.1.0-cp38-cp38-win32.whl", hash = "sha256:c7062ac604720ef7ae4ce0270647ddcdf9bcdd0d9df18f558c545c9fdcbc917d"},
    {file = "pygfc-1.1.0-cp38-cp38-win_amd64.whl", hash = "sha256:fa71c3bf9733c3c0f0e8b62d913bad229ef306b010a3b54a9445812f3612b481"},
    {file = "pygfc-1.1.0-cp39-cp39-macosx_10_9_x86_64.whl", hash = "sha256:651616050ed126da977ec064b3f9500c294b82aab78308a1cf50f0f3fac8fe74"},
    {file = "pygfc-1.1.0-cp39-cp39-macosx_11_0_arm64.whl", hash = "sha256:41b9a7df99353adb76758a80639d6d8b7b5023e0563b0060c309efd2ac96a8ab"},
    {file = "pygfc-1.1.0-cp39-cp39-manylinux_2_5_i686.manylinux1_i686.manylinux_2_17_i686.manylinux2014_i686.whl", hash = "sha256:d8a1dc53cea910210213fe472d785d22976835ab75549c73d8f52977a141380e"},
    {file = "pygfc-1.1.0-cp39-cp39-manylinux_2_5_x86_64.manylinux1_x86_64.manylinux_2_17_x86_64.manylinux2014_x86_64.whl", hash = "sha256:7a19347013c188f8616a37d7f852a2fc9efaad0823c3156208e16a3eb57c33bd"},
    {file = "pygfc-1.1.0-cp39-cp39-musllinux_1_2_i686.whl", hash = "sha256:b898c04e87d0236701982529017a511213f812417e51dbe5cbdda7e6f605c1d9"},
    {file = "pygfc-1.1.0-cp39-cp39-musllinux_1_2_x86_64.whl", hash = "sha256:3e9bd09c94a4d2158c72d947051a4137aac4b5d82efd048ed9b75669386a5aee"},
    {file = "pygfc-1.1.0-cp39-cp39-win32.whl", hash = "sha256:faeadb8cf27333199a0d0e47525507318fa74f47831ac676d15bc9a4b4eb90b9"},
    {file = "pygfc-1.1.0-cp39-cp39-win_amd64.whl", hash = "sha256:be1a76c4279d729071d733cc0bdc540450a93590ab1eac6414c8cea620f5160d"},
    {file = "pygfc-1.1.0.tar.gz", hash = "sha256:4fcb70fa9226f9179fe4876ca15f31c8498aec5bd875aa715dc1d2df71d61bd9"},
]

[[package]]
name = "pygments"
version = "2.19.1"
description = "Pygments is a syntax highlighting package written in Python."
optional = false
python-versions = ">=3.8"
files = [
    {file = "pygments-2.19.1-py3-none-any.whl", hash = "sha256:9ea1544ad55cecf4b8242fab6dd35a93bbce657034b0611ee383099054ab6d8c"},
    {file = "pygments-2.19.1.tar.gz", hash = "sha256:61c16d2a8576dc0649d9f39e089b5f02bcd27fba10d8fb4dcc28173f7a45151f"},
]

[package.extras]
windows-terminal = ["colorama (>=0.4.6)"]

[[package]]
name = "pytest"
version = "8.3.5"
description = "pytest: simple powerful testing with Python"
optional = false
python-versions = ">=3.8"
files = [
    {file = "pytest-8.3.5-py3-none-any.whl", hash = "sha256:c69214aa47deac29fad6c2a4f590b9c4a9fdb16a403176fe154b79c0b4d4d820"},
    {file = "pytest-8.3.5.tar.gz", hash = "sha256:f4efe70cc14e511565ac476b57c279e12a855b11f48f212af1080ef2263d3845"},
]

[package.dependencies]
colorama = {version = "*", markers = "sys_platform == \"win32\""}
iniconfig = "*"
packaging = "*"
pluggy = ">=1.5,<2"

[package.extras]
dev = ["argcomplete", "attrs (>=19.2)", "hypothesis (>=3.56)", "mock", "pygments (>=2.7.2)", "requests", "setuptools", "xmlschema"]

[[package]]
name = "python-dotenv"
version = "1.0.1"
description = "Read key-value pairs from a .env file and set them as environment variables"
optional = false
python-versions = ">=3.8"
files = [
    {file = "python-dotenv-1.0.1.tar.gz", hash = "sha256:e324ee90a023d808f1959c46bcbc04446a10ced277783dc6ee09987c37ec10ca"},
    {file = "python_dotenv-1.0.1-py3-none-any.whl", hash = "sha256:f7b63ef50f1b690dddf550d03497b66d609393b40b564ed0d674909a68ebf16a"},
]

[package.extras]
cli = ["click (>=5.0)"]

[[package]]
name = "questionary"
version = "2.1.0"
description = "Python library to build pretty command line user prompts ⭐️"
optional = false
python-versions = ">=3.8"
files = [
    {file = "questionary-2.1.0-py3-none-any.whl", hash = "sha256:44174d237b68bc828e4878c763a9ad6790ee61990e0ae72927694ead57bab8ec"},
    {file = "questionary-2.1.0.tar.gz", hash = "sha256:6302cdd645b19667d8f6e6634774e9538bfcd1aad9be287e743d96cacaf95587"},
]

[package.dependencies]
prompt_toolkit = ">=2.0,<4.0"

[[package]]
name = "rich"
version = "13.9.4"
description = "Render rich text, tables, progress bars, syntax highlighting, markdown and more to the terminal"
optional = false
python-versions = ">=3.8.0"
files = [
    {file = "rich-13.9.4-py3-none-any.whl", hash = "sha256:6049d5e6ec054bf2779ab3358186963bac2ea89175919d699e378b99738c2a90"},
    {file = "rich-13.9.4.tar.gz", hash = "sha256:439594978a49a09530cff7ebc4b5c7103ef57baf48d5ea3184f21d9a2befa098"},
]

[package.dependencies]
markdown-it-py = ">=2.2.0"
pygments = ">=2.13.0,<3.0.0"

[package.extras]
jupyter = ["ipywidgets (>=7.5.1,<9)"]

[[package]]
name = "rich-click"
version = "1.8.6"
description = "Format click help output nicely with rich"
optional = false
python-versions = ">=3.7"
files = [
    {file = "rich_click-1.8.6-py3-none-any.whl", hash = "sha256:55fb571bad7d3d69ac43ca45f05b44616fd019616161b1815ff053567b9a8e22"},
    {file = "rich_click-1.8.6.tar.gz", hash = "sha256:8a2448fd80e3d4e16fcb3815bfbc19be9bae75c9bb6aedf637901e45f3555752"},
]

[package.dependencies]
click = ">=7"
rich = ">=10.7"
typing_extensions = ">=4"

[package.extras]
dev = ["mypy", "packaging", "pre-commit", "pytest", "pytest-cov", "rich-codex", "ruff", "types-setuptools"]
docs = ["markdown_include", "mkdocs", "mkdocs-glightbox", "mkdocs-material-extensions", "mkdocs-material[imaging] (>=9.5.18,<9.6.0)", "mkdocs-rss-plugin", "mkdocstrings[python]", "rich-codex"]

[[package]]
name = "sniffio"
version = "1.3.1"
description = "Sniff out which async library your code is running under"
optional = false
python-versions = ">=3.7"
files = [
    {file = "sniffio-1.3.1-py3-none-any.whl", hash = "sha256:2f6da418d1f1e0fddd844478f41680e794e6051915791a034ff65e5f100525a2"},
    {file = "sniffio-1.3.1.tar.gz", hash = "sha256:f4324edc670a0f49750a81b895f35c3adb843cca46f0530f79fc1babb23789dc"},
]

[[package]]
name = "tomlkit"
version = "0.13.2"
description = "Style preserving TOML library"
optional = false
python-versions = ">=3.8"
files = [
    {file = "tomlkit-0.13.2-py3-none-any.whl", hash = "sha256:7a974427f6e119197f670fbbbeae7bef749a6c14e793db934baefc1b5f03efde"},
    {file = "tomlkit-0.13.2.tar.gz", hash = "sha256:fff5fe59a87295b278abd31bec92c15d9bc4a06885ab12bcea52c71119392e79"},
]

[[package]]
name = "typing-extensions"
version = "4.12.2"
description = "Backported and Experimental Type Hints for Python 3.8+"
optional = false
python-versions = ">=3.8"
files = [
    {file = "typing_extensions-4.12.2-py3-none-any.whl", hash = "sha256:04e5ca0351e0f3f85c6853954072df659d0d13fac324d0072316b67d7794700d"},
    {file = "typing_extensions-4.12.2.tar.gz", hash = "sha256:1a7ead55c7e559dd4dee8856e3a88b41225abfe1ce8df57b7c13915fe121ffb8"},
]

[[package]]
name = "wcmatch"
version = "10.0"
description = "Wildcard/glob file name matcher."
optional = false
python-versions = ">=3.8"
files = [
    {file = "wcmatch-10.0-py3-none-any.whl", hash = "sha256:0dd927072d03c0a6527a20d2e6ad5ba8d0380e60870c383bc533b71744df7b7a"},
    {file = "wcmatch-10.0.tar.gz", hash = "sha256:e72f0de09bba6a04e0de70937b0cf06e55f36f37b3deb422dfaf854b867b840a"},
]

[package.dependencies]
bracex = ">=2.1.1"

[[package]]
name = "wcwidth"
version = "0.2.13"
description = "Measures the displayed width of unicode strings in a terminal"
optional = false
python-versions = "*"
files = [
    {file = "wcwidth-0.2.13-py2.py3-none-any.whl", hash = "sha256:3da69048e4540d84af32131829ff948f1e022c1c6bdb8d6102117aac784f6859"},
    {file = "wcwidth-0.2.13.tar.gz", hash = "sha256:72ea0c06399eb286d978fdedb6923a9eb47e1c486ce63e9b4e64fc18303972b5"},
]

[metadata]
lock-version = "2.0"
python-versions = "^3.12"
content-hash = "235e3a3bfab27abdf0ee21655818a825f1be5514aee2355f2ca72895c92d2cc9"
